
Microsoft Visual Studio Solution File, Format Version 12.00
# Visual Studio 15
VisualStudioVersion = 15.0.27428.2015
MinimumVisualStudioVersion = 10.0.40219.1
Project("{FAE04EC0-301F-11D3-BF4B-00C04F79EFBC}") = "GDIcalc", "GDIcalc\GDIcalc.csproj", "{B7B2ECE9-C04E-420F-9233-08E75EF250CD}"
EndProject
Global
	GlobalSection(SolutionConfigurationPlatforms) = preSolution
		Debug|Any CPU = Debug|Any CPU
		Release|Any CPU = Release|Any CPU
	EndGlobalSection
	GlobalSection(ProjectConfigurationPlatforms) = postSolution
		{B7B2ECE9-C04E-420F-9233-08E75EF250CD}.Debug|Any CPU.ActiveCfg = Debug|Any CPU
		{B7B2ECE9-C04E-420F-9233-08E75EF250CD}.Debug|Any CPU.Build.0 = Debug|Any CPU
		{B7B2ECE9-C04E-420F-9233-08E75EF250CD}.Release|Any CPU.ActiveCfg = Release|Any CPU
		{B7B2ECE9-C04E-420F-9233-08E75EF250CD}.Release|Any CPU.Build.0 = Release|Any CPU
	EndGlobalSection
	GlobalSection(SolutionProperties) = preSolution
		HideSolutionNode = FALSE
	EndGlobalSection
	GlobalSection(ExtensibilityGlobals) = postSolution
		SolutionGuid = {CC3840D9-85C5-4196-8988-A928C2A45808}
	EndGlobalSection
EndGlobal
